
Microsoft Visual Studio Solution File, Format Version 12.00
# Visual Studio 2015
Project("{FAE04EC0-301F-11D3-BF4B-00C04F79EFBC}") = "Hamsa.CSharp", "Hamsa.CSharp.csproj", "{9145BCEF-7715-C6BE-A2E9-B22B9456E058}"
EndProject
Project("{FAE04EC0-301F-11D3-BF4B-00C04F79EFBC}") = "Hamsa.CSharp.Editor", "Hamsa.CSharp.Editor.csproj", "{AFB01995-B69C-2482-6575-003FBC825E25}"
EndProject
Global
	GlobalSection(SolutionConfigurationPlatforms) = preSolution
		Debug|Any CPU = Debug|Any CPU
		Release|Any CPU = Release|Any CPU
	EndGlobalSection
	GlobalSection(ProjectConfigurationPlatforms) = postSolution
		{9145BCEF-7715-C6BE-A2E9-B22B9456E058}.Debug|Any CPU.ActiveCfg = Debug|Any CPU
		{9145BCEF-7715-C6BE-A2E9-B22B9456E058}.Debug|Any CPU.Build.0 = Debug|Any CPU
		{9145BCEF-7715-C6BE-A2E9-B22B9456E058}.Release|Any CPU.ActiveCfg = Release|Any CPU
		{9145BCEF-7715-C6BE-A2E9-B22B9456E058}.Release|Any CPU.Build.0 = Release|Any CPU
		{AFB01995-B69C-2482-6575-003FBC825E25}.Debug|Any CPU.ActiveCfg = Debug|Any CPU
		{AFB01995-B69C-2482-6575-003FBC825E25}.Debug|Any CPU.Build.0 = Debug|Any CPU
		{AFB01995-B69C-2482-6575-003FBC825E25}.Release|Any CPU.ActiveCfg = Release|Any CPU
		{AFB01995-B69C-2482-6575-003FBC825E25}.Release|Any CPU.Build.0 = Release|Any CPU
	EndGlobalSection
	GlobalSection(SolutionProperties) = preSolution
		HideSolutionNode = FALSE
	EndGlobalSection
EndGlobal
